
Microsoft Visual Studio Solution File, Format Version 12.00
# Visual Studio 15
VisualStudioVersion = 15.0.25807.0
MinimumVisualStudioVersion = 10.0.40219.1
Project("{2150E333-8FDC-42A3-9474-1A3956D46DE8}") = "Engine", "Engine", "{E8326D76-E1D2-4A22-9F80-7F24CC82F5FC}"
EndProject
Project("{2150E333-8FDC-42A3-9474-1A3956D46DE8}") = "Games", "Games", "{4C8E0C60-4388-4557-915B-71AA77CDEA96}"
EndProject
Project("{8BC9CEB8-8B4A-11D0-8D11-00A0C91BC942}") = "UE4", "Intermediate\ProjectFiles\UE4.vcxproj", "{2F1DA55A-A357-4BE2-94C7-C26357E3FF46}"
EndProject
Project("{8BC9CEB8-8B4A-11D0-8D11-00A0C91BC942}") = "EscapeRoom", "Intermediate\ProjectFiles\EscapeRoom.vcxproj", "{DECF5365-8079-4F77-B61E-49BD9BBA3487}"
EndProject
Project("{2150E333-8FDC-42A3-9474-1A3956D46DE8}") = "Visualizers", "Visualizers", "{175763AC-7A69-4211-8870-FC50FDC841EB}"
	ProjectSection(SolutionItems) = preProject
		..\..\..\games\UE_4.22\Engine\Extras\VisualStudioDebugging\UE4.natvis = ..\..\..\games\UE_4.22\Engine\Extras\VisualStudioDebugging\UE4.natvis
	EndProjectSection
EndProject
Global
	GlobalSection(SolutionConfigurationPlatforms) = preSolution
		DebugGame Editor|HTML5 = DebugGame Editor|HTML5
		DebugGame Editor|Win32 = DebugGame Editor|Win32
		DebugGame Editor|Win64 = DebugGame Editor|Win64
		DebugGame|HTML5 = DebugGame|HTML5
		DebugGame|Win32 = DebugGame|Win32
		DebugGame|Win64 = DebugGame|Win64
		Development Editor|HTML5 = Development Editor|HTML5
		Development Editor|Win32 = Development Editor|Win32
		Development Editor|Win64 = Development Editor|Win64
		Development|HTML5 = Development|HTML5
		Development|Win32 = Development|Win32
		Development|Win64 = Development|Win64
		Shipping|HTML5 = Shipping|HTML5
		Shipping|Win32 = Shipping|Win32
		Shipping|Win64 = Shipping|Win64
	EndGlobalSection
	GlobalSection(ProjectConfigurationPlatforms) = postSolution
		{2F1DA55A-A357-4BE2-94C7-C26357E3FF46}.DebugGame Editor|HTML5.ActiveCfg = BuiltWithUnrealBuildTool|Win32
		{2F1DA55A-A357-4BE2-94C7-C26357E3FF46}.DebugGame Editor|Win32.ActiveCfg = BuiltWithUnrealBuildTool|Win32
		{2F1DA55A-A357-4BE2-94C7-C26357E3FF46}.DebugGame Editor|Win64.ActiveCfg = BuiltWithUnrealBuildTool|Win32
		{2F1DA55A-A357-4BE2-94C7-C26357E3FF46}.DebugGame|HTML5.ActiveCfg = BuiltWithUnrealBuildTool|Win32
		{2F1DA55A-A357-4BE2-94C7-C26357E3FF46}.DebugGame|Win32.ActiveCfg = BuiltWithUnrealBuildTool|Win32
		{2F1DA55A-A357-4BE2-94C7-C26357E3FF46}.DebugGame|Win64.ActiveCfg = BuiltWithUnrealBuildTool|Win32
		{2F1DA55A-A357-4BE2-94C7-C26357E3FF46}.Development Editor|HTML5.ActiveCfg = BuiltWithUnrealBuildTool|Win32
		{2F1DA55A-A357-4BE2-94C7-C26357E3FF46}.Development Editor|Win32.ActiveCfg = BuiltWithUnrealBuildTool|Win32
		{2F1DA55A-A357-4BE2-94C7-C26357E3FF46}.Development Editor|Win64.ActiveCfg = BuiltWithUnrealBuildTool|Win32
		{2F1DA55A-A357-4BE2-94C7-C26357E3FF46}.Development|HTML5.ActiveCfg = BuiltWithUnrealBuildTool|Win32
		{2F1DA55A-A357-4BE2-94C7-C26357E3FF46}.Development|Win32.ActiveCfg = BuiltWithUnrealBuildTool|Win32
		{2F1DA55A-A357-4BE2-94C7-C26357E3FF46}.Development|Win64.ActiveCfg = BuiltWithUnrealBuildTool|Win32
		{2F1DA55A-A357-4BE2-94C7-C26357E3FF46}.Shipping|HTML5.ActiveCfg = BuiltWithUnrealBuildTool|Win32
		{2F1DA55A-A357-4BE2-94C7-C26357E3FF46}.Shipping|Win32.ActiveCfg = BuiltWithUnrealBuildTool|Win32
		{2F1DA55A-A357-4BE2-94C7-C26357E3FF46}.Shipping|Win64.ActiveCfg = BuiltWithUnrealBuildTool|Win32
		{DECF5365-8079-4F77-B61E-49BD9BBA3487}.DebugGame Editor|HTML5.ActiveCfg = Invalid|Win32
		{DECF5365-8079-4F77-B61E-49BD9BBA3487}.DebugGame Editor|Win32.ActiveCfg = Invalid|Win32
		{DECF5365-8079-4F77-B61E-49BD9BBA3487}.DebugGame Editor|Win64.ActiveCfg = DebugGame_Editor|x64
		{DECF5365-8079-4F77-B61E-49BD9BBA3487}.DebugGame Editor|Win64.Build.0 = DebugGame_Editor|x64
		{DECF5365-8079-4F77-B61E-49BD9BBA3487}.DebugGame|HTML5.ActiveCfg = HTML5_DebugGame|Win32
		{DECF5365-8079-4F77-B61E-49BD9BBA3487}.DebugGame|HTML5.Build.0 = HTML5_DebugGame|Win32
		{DECF5365-8079-4F77-B61E-49BD9BBA3487}.DebugGame|Win32.ActiveCfg = DebugGame|Win32
		{DECF5365-8079-4F77-B61E-49BD9BBA3487}.DebugGame|Win32.Build.0 = DebugGame|Win32
		{DECF5365-8079-4F77-B61E-49BD9BBA3487}.DebugGame|Win64.ActiveCfg = DebugGame|x64
		{DECF5365-8079-4F77-B61E-49BD9BBA3487}.DebugGame|Win64.Build.0 = DebugGame|x64
		{DECF5365-8079-4F77-B61E-49BD9BBA3487}.Development Editor|HTML5.ActiveCfg = Invalid|Win32
		{DECF5365-8079-4F77-B61E-49BD9BBA3487}.Development Editor|Win32.ActiveCfg = Invalid|Win32
		{DECF5365-8079-4F77-B61E-49BD9BBA3487}.Development Editor|Win64.ActiveCfg = Development_Editor|x64
		{DECF5365-8079-4F77-B61E-49BD9BBA3487}.Development Editor|Win64.Build.0 = Development_Editor|x64
		{DECF5365-8079-4F77-B61E-49BD9BBA3487}.Development|HTML5.ActiveCfg = HTML5_Development|Win32
		{DECF5365-8079-4F77-B61E-49BD9BBA3487}.Development|HTML5.Build.0 = HTML5_Development|Win32
		{DECF5365-8079-4F77-B61E-49BD9BBA3487}.Development|Win32.ActiveCfg = Development|Win32
		{DECF5365-8079-4F77-B61E-49BD9BBA3487}.Development|Win32.Build.0 = Development|Win32
		{DECF5365-8079-4F77-B61E-49BD9BBA3487}.Development|Win64.ActiveCfg = Development|x64
		{DECF5365-8079-4F77-B61E-49BD9BBA3487}.Development|Win64.Build.0 = Development|x64
		{DECF5365-8079-4F77-B61E-49BD9BBA3487}.Shipping|HTML5.ActiveCfg = HTML5_Shipping|Win32
		{DECF5365-8079-4F77-B61E-49BD9BBA3487}.Shipping|HTML5.Build.0 = HTML5_Shipping|Win32
		{DECF5365-8079-4F77-B61E-49BD9BBA3487}.Shipping|Win32.ActiveCfg = Shipping|Win32
		{DECF5365-8079-4F77-B61E-49BD9BBA3487}.Shipping|Win32.Build.0 = Shipping|Win32
		{DECF5365-8079-4F77-B61E-49BD9BBA3487}.Shipping|Win64.ActiveCfg = Shipping|x64
		{DECF5365-8079-4F77-B61E-49BD9BBA3487}.Shipping|Win64.Build.0 = Shipping|x64
	EndGlobalSection
	GlobalSection(SolutionProperties) = preSolution
		HideSolutionNode = FALSE
	EndGlobalSection
	GlobalSection(NestedProjects) = preSolution
		{2F1DA55A-A357-4BE2-94C7-C26357E3FF46} = {E8326D76-E1D2-4A22-9F80-7F24CC82F5FC}
		{DECF5365-8079-4F77-B61E-49BD9BBA3487} = {4C8E0C60-4388-4557-915B-71AA77CDEA96}
	EndGlobalSection
EndGlobal
